# Generated by pub
# See https://dart.dev/tools/pub/glossary#lockfile
packages:
  archive:
    dependency: transitive
    description:
      name: archive
      sha256: "6c5bcd986e06b94e3c40244af471750840a3d2341d1f9763a1100a14add517b4"
      url: "https://pub.flutter-io.cn"
    source: hosted
    version: "4.3.0"
  args:
    dependency: transitive
    description:
      name: args
      sha256: d0481093c50b1da8910eb0bb301626d4d8eb7284aa739614d2b394ee09e3ea04
      url: "https://pub.flutter-io.cn"
    source: hosted
    version: "2.7.0"
  async:
    dependency: transitive
    description:
      name: async
      sha256: e2eb0491ba5ddb6177742d2da23904574082139b07c1e33b8503b9f46f3e1a37
      url: "https://pub.flutter-io.cn"
    source: hosted
    version: "2.13.1"
  audio_session:
    dependency: "direct main"
    description:
      name: audio_session
      sha256: f9e7711a0e24ca8b40f5d7ac374c3c6e55016f3157912badd18199cdbbca5c4d
      url: "https://pub.flutter-io.cn"
    source: hosted
    version: "0.2.4"
  boolean_selector:
    dependency: transitive
    description:
      name: boolean_selector
      sha256: "8aab1771e1243a5063b8b0ff68042d67334e3feab9e95b9490f9a6ebf73b42ea"
      url: "https://pub.flutter-io.cn"
    source: hosted
    version: "2.1.2"
  change_case:
    dependency: transitive
    description:
      name: change_case
      sha256: e41ef3df58521194ef8d7649928954805aeb08061917cf658322305e61568003
      url: "https://pub.flutter-io.cn"
    source: hosted
    version: "2.2.0"
  characters:
    dependency: transitive
    description:
      name: characters
      sha256: faf38497bda5ead2a8c7615f4f7939df04333478bf32e4173fcb06d428b5716b
      url: "https://pub.flutter-io.cn"
    source: hosted
    version: "1.4.1"
  clock:
    dependency: transitive
    description:
      name: clock
      sha256: e51d50bca3217c9a9fa2b41a30e4a38971133f5f9ec7a3d57bae095007f1d28e
      url: "https://pub.flutter-io.cn"
    source: hosted
    version: "1.1.3"
  code_assets:
    dependency: transitive
    description:
      name: code_assets
      sha256: dd7ed641b7f642092092969f2dcd5845ab31c9f3efead0c06ca437bf9ce8a8b2
      url: "https://pub.flutter-io.cn"
    source: hosted
    version: "0.19.4"
  collection:
    dependency: transitive
    description:
      name: collection
      sha256: "2f5709ae4d3d59dd8f7cd309b4e023046b57d8a6c82130785d2b0e5868084e76"
      url: "https://pub.flutter-io.cn"
    source: hosted
    version: "1.19.1"
  crypto:
    dependency: transitive
    description:
      name: crypto
      sha256: c8ea0233063ba03258fbcf2ca4d6dadfefe14f02fab57702265467a19f27fadf
      url: "https://pub.flutter-io.cn"
    source: hosted
    version: "3.0.7"
  csslib:
    dependency: transitive
    description:
      name: csslib
      sha256: "09bad715f418841f976c77db72d5398dc1253c21fb9c0c7f0b0b985860b2d58e"
      url: "https://pub.flutter-io.cn"
    source: hosted
    version: "1.0.2"
  cupertino_icons:
    dependency: "direct main"
    description:
      name: cupertino_icons
      sha256: "41e005c33bd814be4d3096aff55b1908d419fde52ca656c8c47719ec745873cd"
      url: "https://pub.flutter-io.cn"
    source: hosted
    version: "1.0.9"
  dbus:
    dependency: transitive
    description:
      name: dbus
      sha256: a48d5da28e89bd02196e80d81ed8d7954923d00a0f4a68cc20b575038f023383
      url: "https://pub.flutter-io.cn"
    source: hosted
    version: "0.7.15"
  dio:
    dependency: "direct main"
    description:
      name: dio
      sha256: "852ec3b48cc431ac04fff978413c541502b67ffc3e26921e74e3d994694192c1"
      url: "https://pub.flutter-io.cn"
    source: hosted
    version: "5.11.1"
  dio_web_adapter:
    dependency: transitive
    description:
      name: dio_web_adapter
      sha256: "3a1b2cd7be71086f38504956e3ebcd2837288d231ff454bafa78021244102bfc"
      url: "https://pub.flutter-io.cn"
    source: hosted
    version: "2.2.2"
  fake_async:
    dependency: transitive
    description:
      name: fake_async
      sha256: "5368f224a74523e8d2e7399ea1638b37aecfca824a3cc4dfdf77bf1fa905ac44"
      url: "https://pub.flutter-io.cn"
    source: hosted
    version: "1.3.3"
  ffi:
    dependency: "direct main"
    description:
      name: ffi
      sha256: "6d7fd89431262d8f3125e81b50d3847a091d846eafcd4fdb88dd06f36d705a45"
      url: "https://pub.flutter-io.cn"
    source: hosted
    version: "2.2.0"
  ffi_leak_tracker:
    dependency: transitive
    description:
      name: ffi_leak_tracker
      sha256: "4093d4ef9ca06ffe2786e73bfb25e22aa92112b9bb4ec941f11e3e6b61489a97"
      url: "https://pub.flutter-io.cn"
    source: hosted
    version: "0.1.2"
  file:
    dependency: transitive
    description:
      name: file
      sha256: a3b4f84adafef897088c160faf7dfffb7696046cb13ae90b508c2cbc95d3b8d4
      url: "https://pub.flutter-io.cn"
    source: hosted
    version: "7.0.1"
  fixnum:
    dependency: transitive
    description:
      name: fixnum
      sha256: b6dc7065e46c974bc7c5f143080a6764ec7a4be6da1285ececdc37be96de53be
      url: "https://pub.flutter-io.cn"
    source: hosted
    version: "1.1.1"
  flutter:
    dependency: "direct main"
    description: flutter
    source: sdk
    version: "0.0.0"
  flutter_lints:
    dependency: "direct dev"
    description:
      name: flutter_lints
      sha256: "5398f14efa795ffb7a33e9b6a08798b26a180edac4ad7db3f231e40f82ce11e1"
      url: "https://pub.flutter-io.cn"
    source: hosted
    version: "5.0.0"
  flutter_miniaudio:
    dependency: "direct main"
    description:
      path: "third_party/flutter_miniaudio"
      relative: true
    source: path
    version: "1.0.7"
  flutter_riverpod:
    dependency: "direct main"
    description:
      name: flutter_riverpod
      sha256: "9532ee6db4a943a1ed8383072a2e3eeda041db5657cdf6d2acecf3c21ecbe7e1"
      url: "https://pub.flutter-io.cn"
    source: hosted
    version: "2.6.1"
  flutter_soloud:
    dependency: "direct main"
    description:
      name: flutter_soloud
      sha256: d275ff1fcaca64eab81189f260613b42787655d213013ab316ecd31bb52a5913
      url: "https://pub.flutter-io.cn"
    source: hosted
    version: "3.5.4"
  flutter_test:
    dependency: "direct dev"
    description: flutter
    source: sdk
    version: "0.0.0"
  flutter_web_plugins:
    dependency: transitive
    description: flutter
    source: sdk
    version: "0.0.0"
  glob:
    dependency: transitive
    description:
      name: glob
      sha256: "218aeb56050c714f62a3182775320dfa04602b55074873e24e31bbd39bda96fb"
      url: "https://pub.flutter-io.cn"
    source: hosted
    version: "2.2.0"
  go_router:
    dependency: "direct main"
    description:
      name: go_router
      sha256: f02fd7d2a4dc512fec615529824fdd217fecb3a3d3de68360293a551f21634b3
      url: "https://pub.flutter-io.cn"
    source: hosted
    version: "14.8.1"
  hooks:
    dependency: transitive
    description:
      name: hooks
      sha256: "75363eae6c0c2db051c4f6b3b1fcdea8a09c4a596cc83bfff847661da6e80dfc"
      url: "https://pub.flutter-io.cn"
    source: hosted
    version: "0.19.5"
  html:
    dependency: transitive
    description:
      name: html
      sha256: "43b67b8f43321ab066817dfac5619596c98bb1b61624e77203bb4351785f9699"
      url: "https://pub.flutter-io.cn"
    source: hosted
    version: "0.15.7"
  http:
    dependency: transitive
    description:
      name: http
      sha256: "87721a4a50b19c7f1d49001e51409bddc46303966ce89a65af4f4e6004896412"
      url: "https://pub.flutter-io.cn"
    source: hosted
    version: "1.6.0"
  http_parser:
    dependency: transitive
    description:
      name: http_parser
      sha256: "178d74305e7866013777bab2c3d8726205dc5a4dd935297175b19a23a2e66571"
      url: "https://pub.flutter-io.cn"
    source: hosted
    version: "4.1.2"
  image:
    dependency: transitive
    description:
      name: image
      sha256: a1e7f4951e538a568e14b856702afc9ae1d2f4b202daced8d22c1b9cd211ce89
      url: "https://pub.flutter-io.cn"
    source: hosted
    version: "4.10.1"
  jni:
    dependency: transitive
    description:
      name: jni
      sha256: f038e58b4dc2c9037f50e233175086337e0b305e356d28211bf55f21c504cbd3
      url: "https://pub.flutter-io.cn"
    source: hosted
    version: "1.0.3"
  jni_flutter:
    dependency: transitive
    description:
      name: jni_flutter
      sha256: b2310cdd4c18c65c081ab141a41efa94aa26c65431803703ece51996f174f351
      url: "https://pub.flutter-io.cn"
    source: hosted
    version: "1.0.3"
  jni_util:
    dependency: transitive
    description:
      name: jni_util
      sha256: "1ba86da04a5f2bf18fde2edb235587e70c5b0fc5bd4ba955f46b00942c3fc35f"
      url: "https://pub.flutter-io.cn"
    source: hosted
    version: "1.0.0"
  js:
    dependency: transitive
    description:
      name: js
      sha256: f2c445dce49627136094980615a031419f7f3eb393237e4ecd97ac15dea343f3
      url: "https://pub.flutter-io.cn"
    source: hosted
    version: "0.6.7"
  js_interop_utils:
    dependency: transitive
    description:
      name: js_interop_utils
      sha256: "5281b3d924f4b604177818c30122ad1b5f915fa363b7ebdcffdb7adfbfad62fa"
      url: "https://pub.flutter-io.cn"
    source: hosted
    version: "1.0.11"
  leak_tracker:
    dependency: transitive
    description:
      name: leak_tracker
      sha256: "33e2e26bdd85a0112ec15400c8cbffea70d0f9c3407491f672a2fad47915e2de"
      url: "https://pub.flutter-io.cn"
    source: hosted
    version: "11.0.2"
  leak_tracker_flutter_testing:
    dependency: transitive
    description:
      name: leak_tracker_flutter_testing
      sha256: "1dbc140bb5a23c75ea9c4811222756104fbcd1a27173f0c34ca01e16bea473c1"
      url: "https://pub.flutter-io.cn"
    source: hosted
    version: "3.0.10"
  leak_tracker_testing:
    dependency: transitive
    description:
      name: leak_tracker_testing
      sha256: "8d5a2d49f4a66b49744b23b018848400d23e54caf9463f4eb20df3eb8acb2eb1"
      url: "https://pub.flutter-io.cn"
    source: hosted
    version: "3.0.2"
  lints:
    dependency: transitive
    description:
      name: lints
      sha256: c35bb79562d980e9a453fc715854e1ed39e24e7d0297a880ef54e17f9874a9d7
      url: "https://pub.flutter-io.cn"
    source: hosted
    version: "5.1.1"
  logging:
    dependency: transitive
    description:
      name: logging
      sha256: c8245ada5f1717ed44271ed1c26b8ce85ca3228fd2ffdb75468ab01979309d61
      url: "https://pub.flutter-io.cn"
    source: hosted
    version: "1.3.0"
  matcher:
    dependency: transitive
    description:
      name: matcher
      sha256: "31bd099b47c10cd1aeb55146a2d46ce0277630ecef3f7dae54ad7873f36696cd"
      url: "https://pub.flutter-io.cn"
    source: hosted
    version: "0.12.20"
  material_color_utilities:
    dependency: transitive
    description:
      name: material_color_utilities
      sha256: "9c337007e82b1889149c82ed242ed1cb24a66044e30979c44912381e9be4c48b"
      url: "https://pub.flutter-io.cn"
    source: hosted
    version: "0.13.0"
  media_kit:
    dependency: "direct main"
    description:
      name: media_kit
      sha256: ae9e79597500c7ad6083a3c7b7b7544ddabfceacce7ae5c9709b0ec16a5d6643
      url: "https://pub.flutter-io.cn"
    source: hosted
    version: "1.2.6"
  media_kit_libs_windows_video:
    dependency: "direct main"
    description:
      name: media_kit_libs_windows_video
      sha256: dff76da2778729ab650229e6b4ec6ec111eb5151431002cbd7ea304ff1f112ab
      url: "https://pub.flutter-io.cn"
    source: hosted
    version: "1.0.11"
  media_kit_video:
    dependency: "direct main"
    description:
      name: media_kit_video
      sha256: afaa509e7b7e0bf247557a3a740cde903a52c34ace9810f94500e127bd7b043d
      url: "https://pub.flutter-io.cn"
    source: hosted
    version: "2.0.1"
  meta:
    dependency: transitive
    description:
      name: meta
      sha256: "307249ce4ff29d58a18e97f6345f539382eb9c9c29ecda628900f31de0443dd9"
      url: "https://pub.flutter-io.cn"
    source: hosted
    version: "1.19.0"
  mime:
    dependency: transitive
    description:
      name: mime
      sha256: bd47de35f07e27267e69c8c8b22edf9473bfee170a60d60fcc93730c5144b7f6
      url: "https://pub.flutter-io.cn"
    source: hosted
    version: "2.1.0"
  miniaudio_dart:
    dependency: "direct main"
    description:
      name: miniaudio_dart
      sha256: "50bf727c89de5b533e267c11875683318f2d1d583c10523e611638937267d7fc"
      url: "https://pub.flutter-io.cn"
    source: hosted
    version: "1.0.10"
  miniaudio_dart_ffi:
    dependency: transitive
    description:
      name: miniaudio_dart_ffi
      sha256: fb69005b0ba23f74b92de98aa80c8c5f72959285a50b560f1a60d5d9c3002217
      url: "https://pub.flutter-io.cn"
    source: hosted
    version: "1.0.10"
  miniaudio_dart_platform_interface:
    dependency: transitive
    description:
      name: miniaudio_dart_platform_interface
      sha256: "0aa77f612c4148184637d9e4a17712516ad27a45efcf8aabb2385422c2e65a1d"
      url: "https://pub.flutter-io.cn"
    source: hosted
    version: "1.0.10"
  miniaudio_dart_web:
    dependency: transitive
    description:
      name: miniaudio_dart_web
      sha256: ab282fe7dde64d125fc09889f7c909b4c3c9d7545c777e1dc7453125f4320f8b
      url: "https://pub.flutter-io.cn"
    source: hosted
    version: "1.0.10"
  native_toolchain_cmake:
    dependency: transitive
    description:
      name: native_toolchain_cmake
      sha256: f3110584e6c6f1a423d699a490d45e33e2ad3d890f6958598b783031c99aa613
      url: "https://pub.flutter-io.cn"
    source: hosted
    version: "0.0.6-dev.1"
  opus_codec:
    dependency: "direct main"
    description:
      name: opus_codec
      sha256: d8ad96b7242e78025122bc2b3821788310ddfb4700f03da7c67da83339099287
      url: "https://pub.flutter-io.cn"
    source: hosted
    version: "3.0.5"
  opus_codec_android:
    dependency: transitive
    description:
      name: opus_codec_android
      sha256: "347f61ac7fe53cb684ec4777b49688a8336077e025a3e04e3f61294da5d89c68"
      url: "https://pub.flutter-io.cn"
    source: hosted
    version: "3.0.5"
  opus_codec_dart:
    dependency: "direct main"
    description:
      name: opus_codec_dart
      sha256: a5570ca76ff4d973415991e09507cc05f11d640c2d635aee101152457fecf88f
      url: "https://pub.flutter-io.cn"
    source: hosted
    version: "3.0.5"
  opus_codec_ios:
    dependency: transitive
    description:
      name: opus_codec_ios
      sha256: fdca5606410eaf14b9d1f1179f0b00b7994b6dbc64f0399e2955618b16ef9353
      url: "https://pub.flutter-io.cn"
    source: hosted
    version: "3.0.5"
  opus_codec_linux:
    dependency: transitive
    description:
      name: opus_codec_linux
      sha256: "69762fa3c8e87e38e6279124544deeebad48b5c3d8b8950de2ce7ef9c63f80f6"
      url: "https://pub.flutter-io.cn"
    source: hosted
    version: "3.0.5"
  opus_codec_macos:
    dependency: transitive
    description:
      name: opus_codec_macos
      sha256: ff8012e5eb692a81151404bc5b43385794be0e7b779e60f7f9d7405bba69d693
      url: "https://pub.flutter-io.cn"
    source: hosted
    version: "3.0.5"
  opus_codec_platform_interface:
    dependency: transitive
    description:
      name: opus_codec_platform_interface
      sha256: "76c6b64097fd1eed334e7be6fc161567058ba26e61f792be9416552fcf48e83b"
      url: "https://pub.flutter-io.cn"
    source: hosted
    version: "3.0.5"
  opus_codec_web:
    dependency: transitive
    description:
      name: opus_codec_web
      sha256: c23af0111c986d62ab14c92a25a5e73939034f5d8cd3ef2aca76d904a5994f29
      url: "https://pub.flutter-io.cn"
    source: hosted
    version: "3.0.5"
  opus_codec_windows:
    dependency: transitive
    description:
      name: opus_codec_windows
      sha256: "85fff458e90d1cca8ae0ea2527fa408db3c7dd4d48d98e407e2eac4f4c3a3426"
      url: "https://pub.flutter-io.cn"
    source: hosted
    version: "3.0.5"
  package_config:
    dependency: transitive
    description:
      name: package_config
      sha256: ffcf4cf3d6c0b74ac43708d9f56625506e8a68aa935abe9d267a7330f320eb5d
      url: "https://pub.flutter-io.cn"
    source: hosted
    version: "3.0.0"
  package_info_plus:
    dependency: transitive
    description:
      name: package_info_plus
      sha256: "127e1751e37ffb2ff4658beeaca77bad0c27bf5f932bd3a501c2296926d4b481"
      url: "https://pub.flutter-io.cn"
    source: hosted
    version: "10.2.1"
  package_info_plus_platform_interface:
    dependency: transitive
    description:
      name: package_info_plus_platform_interface
      sha256: db762cb2f4f25ee60fb6359773861b0f199e00b90d237bd85a76a1e806b46ef4
      url: "https://pub.flutter-io.cn"
    source: hosted
    version: "4.1.0"
  path:
    dependency: transitive
    description:
      name: path
      sha256: "75cca69d1490965be98c73ceaea117e8a04dd21217b37b292c9ddbec0d955bc5"
      url: "https://pub.flutter-io.cn"
    source: hosted
    version: "1.9.1"
  path_provider:
    dependency: "direct main"
    description:
      name: path_provider
      sha256: a7f4874f987173da295a61c181b8ee71dab59b332a486b391babf26a1b884825
      url: "https://pub.flutter-io.cn"
    source: hosted
    version: "2.1.6"
  path_provider_android:
    dependency: transitive
    description:
      name: path_provider_android
      sha256: "69cbd515a62b94d32a7944f086b2f82b4ac40a1d45bebfc00813a430ab2dabcd"
      url: "https://pub.flutter-io.cn"
    source: hosted
    version: "2.3.1"
  path_provider_foundation:
    dependency: transitive
    description:
      name: path_provider_foundation
      sha256: "6d13aece7b3f5c5a9731eaf553ff9dcbc2eff41087fd2df587fd0fed9a3eb0c4"
      url: "https://pub.flutter-io.cn"
    source: hosted
    version: "2.5.1"
  path_provider_linux:
    dependency: transitive
    description:
      name: path_provider_linux
      sha256: "58c2005f147315b11e9b4a7bc889cd5203e250cba8e3f012dae259b4972b5c16"
      url: "https://pub.flutter-io.cn"
    source: hosted
    version: "2.2.2"
  path_provider_platform_interface:
    dependency: transitive
    description:
      name: path_provider_platform_interface
      sha256: "484838772624c3a4b94f1e44a3e19897fee738f2d5c4ce448443b0417f7c9dda"
      url: "https://pub.flutter-io.cn"
    source: hosted
    version: "2.1.3"
  path_provider_windows:
    dependency: transitive
    description:
      name: path_provider_windows
      sha256: bd6f00dbd873bfb70d0761682da2b3a2c2fccc2b9e84c495821639601d81afe7
      url: "https://pub.flutter-io.cn"
    source: hosted
    version: "2.3.0"
  petitparser:
    dependency: transitive
    description:
      name: petitparser
      sha256: "91bd59303e9f769f108f8df05e371341b15d59e995e6806aefab827b58336675"
      url: "https://pub.flutter-io.cn"
    source: hosted
    version: "7.0.2"
  platform:
    dependency: transitive
    description:
      name: platform
      sha256: a36d119c13416516a7b5913fbe8af8531e11633d784c550b2125f76c758524ec
      url: "https://pub.flutter-io.cn"
    source: hosted
    version: "3.2.0"
  plugin_platform_interface:
    dependency: transitive
    description:
      name: plugin_platform_interface
      sha256: "4820fbfdb9478b1ebae27888254d445073732dae3d6ea81f0b7e06d5dedc3f02"
      url: "https://pub.flutter-io.cn"
    source: hosted
    version: "2.1.8"
  posix:
    dependency: transitive
    description:
      name: posix
      sha256: bc1bad54ad2b735816e31f8d4600cfde6c7839975085ddfbca48b6c9f7c4044e
      url: "https://pub.flutter-io.cn"
    source: hosted
    version: "6.5.2"
  pub_semver:
    dependency: transitive
    description:
      name: pub_semver
      sha256: "261236774e8b1d69cfc6b9eabbc96c40f25e7a2d6b171f3385d4f65d5734fb24"
      url: "https://pub.flutter-io.cn"
    source: hosted
    version: "2.2.1"
  record:
    dependency: "direct main"
    description:
      name: record
      sha256: "10911465138fafacef459a780564e883e01bd48eabf87ab20543684884492870"
      url: "https://pub.flutter-io.cn"
    source: hosted
    version: "6.2.1"
  record_android:
    dependency: transitive
    description:
      name: record_android
      sha256: eb1732e42d0d2a1895b8db86e4fc917287e6d8491b6ed59918aea8bed6c69de4
      url: "https://pub.flutter-io.cn"
    source: hosted
    version: "1.5.2"
  record_ios:
    dependency: transitive
    description:
      name: record_ios
      sha256: c051fb48edd7a0e265daafb9108730dc827c27b551728a3fdfb3ef69efd89c73
      url: "https://pub.flutter-io.cn"
    source: hosted
    version: "1.2.1"
  record_linux:
    dependency: transitive
    description:
      name: record_linux
      sha256: "31181787bf7eccb0e298835836b69b3cd0a903863b75d70e937de3dec71cd8f3"
      url: "https://pub.flutter-io.cn"
    source: hosted
    version: "1.3.1"
  record_macos:
    dependency: transitive
    description:
      name: record_macos
      sha256: cfe1b61435e27db418bf513dc36820d10c9f7eb1843786c2c9a52e07e2f4f627
      url: "https://pub.flutter-io.cn"
    source: hosted
    version: "1.2.2"
  record_platform_interface:
    dependency: transitive
    description:
      name: record_platform_interface
      sha256: "8e56cbe06c6984137fb86132ff03459f29938d927496d9b2d0962e2d6345d488"
      url: "https://pub.flutter-io.cn"
    source: hosted
    version: "1.6.0"
  record_web:
    dependency: transitive
    description:
      name: record_web
      sha256: "7e9846981c1f2d111d86f0ae3309071f5bba8b624d1c977316706f08fc31d16d"
      url: "https://pub.flutter-io.cn"
    source: hosted
    version: "1.3.0"
  record_windows:
    dependency: transitive
    description:
      name: record_windows
      sha256: "223258060a1d25c62bae18282c16783f28581ec19401d17e56b5205b9f039d78"
      url: "https://pub.flutter-io.cn"
    source: hosted
    version: "1.0.7"
  riverpod:
    dependency: transitive
    description:
      name: riverpod
      sha256: "59062512288d3056b2321804332a13ffdd1bf16df70dcc8e506e411280a72959"
      url: "https://pub.flutter-io.cn"
    source: hosted
    version: "2.6.1"
  rxdart:
    dependency: transitive
    description:
      name: rxdart
      sha256: "5c3004a4a8dbb94bd4bf5412a4def4acdaa12e12f269737a5751369e12d1a962"
      url: "https://pub.flutter-io.cn"
    source: hosted
    version: "0.28.0"
  safe_local_storage:
    dependency: transitive
    description:
      name: safe_local_storage
      sha256: "494b982d5edb71030650ea463d939670e91b232b588323dc75229d2c5f23e7b7"
      url: "https://pub.flutter-io.cn"
    source: hosted
    version: "2.0.6"
  sky_engine:
    dependency: transitive
    description: flutter
    source: sdk
    version: "0.0.0"
  source_span:
    dependency: transitive
    description:
      name: source_span
      sha256: "56a02f1f4cd1a2d96303c0144c93bd6d909eea6bee6bf5a0e0b685edbd4c47ab"
      url: "https://pub.flutter-io.cn"
    source: hosted
    version: "1.10.2"
  stack_trace:
    dependency: transitive
    description:
      name: stack_trace
      sha256: "277654b3034d17ac6f9f1cb5595db011b1d5d41e8806866db28e0abaa101c490"
      url: "https://pub.flutter-io.cn"
    source: hosted
    version: "1.12.2"
  state_notifier:
    dependency: transitive
    description:
      name: state_notifier
      sha256: b8677376aa54f2d7c58280d5a007f9e8774f1968d1fb1c096adcb4792fba29bb
      url: "https://pub.flutter-io.cn"
    source: hosted
    version: "1.0.0"
  stream_channel:
    dependency: "direct dev"
    description:
      name: stream_channel
      sha256: "969e04c80b8bcdf826f8f16579c7b14d780458bd97f56d107d3950fdbeef059d"
      url: "https://pub.flutter-io.cn"
    source: hosted
    version: "2.1.4"
  string_scanner:
    dependency: transitive
    description:
      name: string_scanner
      sha256: "921cd31725b72fe181906c6a94d987c78e3b98c2e205b397ea399d4054872b43"
      url: "https://pub.flutter-io.cn"
    source: hosted
    version: "1.4.1"
  synchronized:
    dependency: transitive
    description:
      name: synchronized
      sha256: "397b146f97613b83d84bdccb439bc8d0f3aebb6c1d14a9641e6f24201c490b2d"
      url: "https://pub.flutter-io.cn"
    source: hosted
    version: "3.4.2"
  term_glyph:
    dependency: transitive
    description:
      name: term_glyph
      sha256: "7f554798625ea768a7518313e58f83891c7f5024f88e46e7182a4558850a4b8e"
      url: "https://pub.flutter-io.cn"
    source: hosted
    version: "1.2.2"
  test_api:
    dependency: transitive
    description:
      name: test_api
      sha256: "2a122cbe059f8b610d3a5415f42e255b6c17b1f21eee1d960f31080237fb4f11"
      url: "https://pub.flutter-io.cn"
    source: hosted
    version: "0.7.12"
  typed_data:
    dependency: transitive
    description:
      name: typed_data
      sha256: f9049c039ebfeb4cf7a7104a675823cd72dba8297f264b6637062516699fa006
      url: "https://pub.flutter-io.cn"
    source: hosted
    version: "1.4.0"
  universal_platform:
    dependency: transitive
    description:
      name: universal_platform
      sha256: "64e16458a0ea9b99260ceb5467a214c1f298d647c659af1bff6d3bf82536b1ec"
      url: "https://pub.flutter-io.cn"
    source: hosted
    version: "1.1.0"
  uri_parser:
    dependency: transitive
    description:
      name: uri_parser
      sha256: "051c62e5f693de98ca9f130ee707f8916e2266945565926be3ff20659f7853ce"
      url: "https://pub.flutter-io.cn"
    source: hosted
    version: "3.0.2"
  uuid:
    dependency: transitive
    description:
      name: uuid
      sha256: "9b129329f58692f6e6578329498a8fe9fbe98f090beb764ffbb8ee2eadd01dcd"
      url: "https://pub.flutter-io.cn"
    source: hosted
    version: "4.6.0"
  vector_math:
    dependency: transitive
    description:
      name: vector_math
      sha256: f36f9f3be64c6198714492bb455c11056e33e2f85d9a0b676a48301e44fdcf47
      url: "https://pub.flutter-io.cn"
    source: hosted
    version: "2.4.2"
  video_player:
    dependency: "direct main"
    description:
      name: video_player
      sha256: "8c837b570dccb9ae6ff73d2e0b03c7e708bfefd3bd1194faa7f3e7f200dfc399"
      url: "https://pub.flutter-io.cn"
    source: hosted
    version: "2.14.0"
  video_player_android:
    dependency: transitive
    description:
      name: video_player_android
      sha256: d27054dea34d748a44f06d433a57005d2aac69944485b0abbaed3303dbcfa3f1
      url: "https://pub.flutter-io.cn"
    source: hosted
    version: "2.12.2"
  video_player_avfoundation:
    dependency: transitive
    description:
      name: video_player_avfoundation
      sha256: "2fc56e537324a19eb649fca991aa308ac961b5406292876fa657b062de461fd8"
      url: "https://pub.flutter-io.cn"
    source: hosted
    version: "2.12.0"
  video_player_platform_interface:
    dependency: transitive
    description:
      name: video_player_platform_interface
      sha256: "92c0fbabe20c788e71fd10d26cea998d0d253282e65d145aed0818731cf593ce"
      url: "https://pub.flutter-io.cn"
    source: hosted
    version: "6.9.0"
  video_player_web:
    dependency: transitive
    description:
      name: video_player_web
      sha256: "9f3c00be2ef9b76a95d94ac5119fb843dca6f2c69e6c9968f6f2b6c9e7afbdeb"
      url: "https://pub.flutter-io.cn"
    source: hosted
    version: "2.4.0"
  vm_service:
    dependency: transitive
    description:
      name: vm_service
      sha256: "5f37239c4851efcef929cea7824e76df7f2f0970aef85d66bbc430afa40e72f0"
      url: "https://pub.flutter-io.cn"
    source: hosted
    version: "15.3.0"
  wakelock_plus:
    dependency: transitive
    description:
      name: wakelock_plus
      sha256: "22b3e7e937721de70e63c85e7139f4ac781dc22863b9262431a53ac030eb074b"
      url: "https://pub.flutter-io.cn"
    source: hosted
    version: "1.8.0"
  wakelock_plus_platform_interface:
    dependency: transitive
    description:
      name: wakelock_plus_platform_interface
      sha256: "764c25504562abc8ac3406f5d175f126b276e6ba916c7c2675690b73368ca384"
      url: "https://pub.flutter-io.cn"
    source: hosted
    version: "1.7.0"
  wasm_ffi:
    dependency: transitive
    description:
      name: wasm_ffi
      sha256: "5a402d5817e3c77e8039f95487a5d8f77d05897c29ce12495b0c5cdd745d5623"
      url: "https://pub.flutter-io.cn"
    source: hosted
    version: "2.4.0"
  web:
    dependency: transitive
    description:
      name: web
      sha256: "868d88a33d8a87b18ffc05f9f030ba328ffefba92d6c127917a2ba740f9cfe4a"
      url: "https://pub.flutter-io.cn"
    source: hosted
    version: "1.1.1"
  web_socket:
    dependency: transitive
    description:
      name: web_socket
      sha256: "34d64019aa8e36bf9842ac014bb5d2f5586ca73df5e4d9bf5c936975cae6982c"
      url: "https://pub.flutter-io.cn"
    source: hosted
    version: "1.0.1"
  web_socket_channel:
    dependency: "direct main"
    description:
      name: web_socket_channel
      sha256: d645757fb0f4773d602444000a8131ff5d48c9e47adfe9772652dd1a4f2d45c8
      url: "https://pub.flutter-io.cn"
    source: hosted
    version: "3.0.3"
  win32:
    dependency: transitive
    description:
      name: win32
      sha256: a0b93865d5644f11cf6a8c3f6db909f1ec168958b5805f6cc684adea957cd63d
      url: "https://pub.flutter-io.cn"
    source: hosted
    version: "6.4.0"
  xdg_directories:
    dependency: transitive
    description:
      name: xdg_directories
      sha256: "7a3f37b05d989967cdddcbb571f1ea834867ae2faa29725fd085180e0883aa15"
      url: "https://pub.flutter-io.cn"
    source: hosted
    version: "1.1.0"
  xml:
    dependency: transitive
    description:
      name: xml
      sha256: "67f0aff7be013d107995e9b75bf4e7f2c3ef2dfdb2c8e68024bba0a7fd5756a4"
      url: "https://pub.flutter-io.cn"
    source: hosted
    version: "7.0.1"
  yaml:
    dependency: transitive
    description:
      name: yaml
      sha256: f67cdd8e07d3c6329146aaef1ba043542b3134c12489f553ca9a7435d1068aea
      url: "https://pub.flutter-io.cn"
    source: hosted
    version: "3.1.4"
sdks:
  dart: ">=3.12.0 <4.0.0"
  flutter: ">=3.44.0"
